PODS:
  - SQLite.swift (0.12.2):
    - SQLite.swift/standard (= 0.12.2)
  - SQLite.swift/standard (0.12.2)

DEPENDENCIES:
  - SQLite.swift

SPEC REPOS:
  https://github.com/CocoaPods/Specs.git:
    - SQLite.swift

SPEC CHECKSUMS:
  SQLite.swift: d2b4642190917051ce6bd1d49aab565fe794eea3

PODFILE CHECKSUM: e8ce4eeb95bc3a06361ac517c07ec98265b0daf5

COCOAPODS: 1.9.1
