// !$*UTF8*$!
{
	archiveVersion = 1;
	classes = {
	};
	objectVersion = 50;
	objects = {

/* Begin PBXBuildFile section */
		8416DA9823EA046900F638BF /* AppDelegate.swift in Sources */ = {isa = PBXBuildFile; fileRef = 8416DA9723EA046900F638BF /* AppDelegate.swift */; };
		8416DA9A23EA046900F638BF /* SceneDelegate.swift in Sources */ = {isa = PBXBuildFile; fileRef = 8416DA9923EA046900F638BF /* SceneDelegate.swift */; };
		8416DA9C23EA046900F638BF /* ContentView.swift in Sources */ = {isa = PBXBuildFile; fileRef = 8416DA9B23EA046900F638BF /* ContentView.swift */; };
		8416DAA123EA046A00F638BF /* Preview Assets.xcassets in Resources */ = {isa = PBXBuildFile; fileRef = 8416DAA023EA046A00F638BF /* Preview Assets.xcassets */; };
		8416DAA423EA046A00F638BF /* LaunchScreen.storyboard in Resources */ = {isa = PBXBuildFile; fileRef = 8416DAA223EA046A00F638BF /* LaunchScreen.storyboard */; };
		846FC5AB2415A91900AAF497 /* DBData.swift in Sources */ = {isa = PBXBuildFile; fileRef = 846FC5AA2415A91900AAF497 /* DBData.swift */; };
		846FC5DE2419BA8800AAF497 /* food_db.db in Resources */ = {isa = PBXBuildFile; fileRef = 846FC5DD2419BA8800AAF497 /* food_db.db */; };
		846FC5F42419FDF900AAF497 /* TagsChoose.swift in Sources */ = {isa = PBXBuildFile; fileRef = 846FC5EB2419FDF900AAF497 /* TagsChoose.swift */; };
		846FC5F52419FDF900AAF497 /* FoodByTags.swift in Sources */ = {isa = PBXBuildFile; fileRef = 846FC5F32419FDF900AAF497 /* FoodByTags.swift */; };
		D6A00F44906D9512FF300DB2 /* libPods-SoundsGood.a in Frameworks */ = {isa = PBXBuildFile; fileRef = 0676E2061A5501C0B2486C04 /* libPods-SoundsGood.a */; };
		D71AAAC4244F639B00D6A25E /* TagButton.swift in Sources */ = {isa = PBXBuildFile; fileRef = D71AAAC3244F639B00D6A25E /* TagButton.swift */; };
		D71AAAD724514D6C00D6A25E /* Podfile in Resources */ = {isa = PBXBuildFile; fileRef = D71AAAD624514D6C00D6A25E /* Podfile */; };
		D72426C82452E1F700B29FDF /* Restaurants.swift in Sources */ = {isa = PBXBuildFile; fileRef = D72426C72452E1F700B29FDF /* Restaurants.swift */; };
		D72FE0E02404B6870083002A /* AppView.swift in Sources */ = {isa = PBXBuildFile; fileRef = D72FE0DF2404B6870083002A /* AppView.swift */; };
		D73D3249242C9640004BE404 /* FoodSearch.swift in Sources */ = {isa = PBXBuildFile; fileRef = D73D3248242C9640004BE404 /* FoodSearch.swift */; };
		D7412011240642800087E1F3 /* FavoriteList.swift in Sources */ = {isa = PBXBuildFile; fileRef = D7412010240642800087E1F3 /* FavoriteList.swift */; };
		D741201E240766290087E1F3 /* FoodDetail.swift in Sources */ = {isa = PBXBuildFile; fileRef = D741201D240766290087E1F3 /* FoodDetail.swift */; };
		D74120202407670C0087E1F3 /* FoodRow.swift in Sources */ = {isa = PBXBuildFile; fileRef = D741201F2407670C0087E1F3 /* FoodRow.swift */; };
		D74DB9F424046C40001B885B /* Assets.xcassets in Resources */ = {isa = PBXBuildFile; fileRef = D74DB9F324046C40001B885B /* Assets.xcassets */; };
		D7680CCF242452CF00C023B7 /* HeartButton.swift in Sources */ = {isa = PBXBuildFile; fileRef = D7680CCE242452CF00C023B7 /* HeartButton.swift */; };
		D7CE1FFC2429F5E700C4142E /* PrintTags.swift in Sources */ = {isa = PBXBuildFile; fileRef = D7CE1FFB2429F5E700C4142E /* PrintTags.swift */; };
		D7CE200A242A7A2B00C4142E /* Results.swift in Sources */ = {isa = PBXBuildFile; fileRef = D7CE2009242A7A2B00C4142E /* Results.swift */; };
		D7D7667E240ED97800E321BA /* QuestionController.swift in Sources */ = {isa = PBXBuildFile; fileRef = D7D7667D240ED97700E321BA /* QuestionController.swift */; };
		D7D76680240EEB8300E321BA /* pizza.jpg in Resources */ = {isa = PBXBuildFile; fileRef = D7D7667F240EEB8300E321BA /* pizza.jpg */; };
		D7D766822412244A00E321BA /* Questions.swift in Sources */ = {isa = PBXBuildFile; fileRef = D7D766812412244A00E321BA /* Questions.swift */; };
/* End PBXBuildFile section */

/* Begin PBXFileReference section */
		02136AE9812668264640BDD3 /* Pods-SoundsGood.debug.xcconfig */ = {isa = PBXFileReference; includeInIndex = 1; lastKnownFileType = text.xcconfig; name = "Pods-SoundsGood.debug.xcconfig"; path = "Target Support Files/Pods-SoundsGood/Pods-SoundsGood.debug.xcconfig"; sourceTree = "<group>"; };
		0676E2061A5501C0B2486C04 /* libPods-SoundsGood.a */ = {isa = PBXFileReference; explicitFileType = archive.ar; includeInIndex = 0; path = "libPods-SoundsGood.a"; sourceTree = BUILT_PRODUCTS_DIR; };
		350460BB416C04E03FCB3903 /* Pods-SoundsGood.release.xcconfig */ = {isa = PBXFileReference; includeInIndex = 1; lastKnownFileType = text.xcconfig; name = "Pods-SoundsGood.release.xcconfig"; path = "Target Support Files/Pods-SoundsGood/Pods-SoundsGood.release.xcconfig"; sourceTree = "<group>"; };
		8416DA9423EA046900F638BF /* SoundsGood.app */ = {isa = PBXFileReference; explicitFileType = wrapper.application; includeInIndex = 0; path = SoundsGood.app; sourceTree = BUILT_PRODUCTS_DIR; };
		8416DA9723EA046900F638BF /* AppDelegate.swift */ = {isa = PBXFileReference; lastKnownFileType = sourcecode.swift; path = AppDelegate.swift; sourceTree = "<group>"; };
		8416DA9923EA046900F638BF /* SceneDelegate.swift */ = {isa = PBXFileReference; lastKnownFileType = sourcecode.swift; path = SceneDelegate.swift; sourceTree = "<group>"; };
		8416DA9B23EA046900F638BF /* ContentView.swift */ = {isa = PBXFileReference; lastKnownFileType = sourcecode.swift; path = ContentView.swift; sourceTree = "<group>"; tabWidth = 4; };
		8416DAA023EA046A00F638BF /* Preview Assets.xcassets */ = {isa = PBXFileReference; lastKnownFileType = folder.assetcatalog; path = "Preview Assets.xcassets"; sourceTree = "<group>"; };
		8416DAA323EA046A00F638BF /* Base */ = {isa = PBXFileReference; lastKnownFileType = file.storyboard; name = Base; path = Base.lproj/LaunchScreen.storyboard; sourceTree = "<group>"; };
		8416DAA523EA046A00F638BF /* Info.plist */ = {isa = PBXFileReference; lastKnownFileType = text.plist.xml; path = Info.plist; sourceTree = "<group>"; };
		846FC5AA2415A91900AAF497 /* DBData.swift */ = {isa = PBXFileReference; lastKnownFileType = sourcecode.swift; path = DBData.swift; sourceTree = "<group>"; };
		846FC5DD2419BA8800AAF497 /* food_db.db */ = {isa = PBXFileReference; lastKnownFileType = file; path = food_db.db; sourceTree = "<group>"; };
		846FC5EB2419FDF900AAF497 /* TagsChoose.swift */ = {isa = PBXFileReference; fileEncoding = 4; lastKnownFileType = sourcecode.swift; path = TagsChoose.swift; sourceTree = "<group>"; };
		846FC5F32419FDF900AAF497 /* FoodByTags.swift */ = {isa = PBXFileReference; fileEncoding = 4; lastKnownFileType = sourcecode.swift; path = FoodByTags.swift; sourceTree = "<group>"; };
		D71AAAC3244F639B00D6A25E /* TagButton.swift */ = {isa = PBXFileReference; lastKnownFileType = sourcecode.swift; path = TagButton.swift; sourceTree = "<group>"; };
		D71AAAD624514D6C00D6A25E /* Podfile */ = {isa = PBXFileReference; lastKnownFileType = text; path = Podfile; sourceTree = "<group>"; xcLanguageSpecificationIdentifier = xcode.lang.ruby; };
		D72426C72452E1F700B29FDF /* Restaurants.swift */ = {isa = PBXFileReference; lastKnownFileType = sourcecode.swift; path = Restaurants.swift; sourceTree = "<group>"; };
		D72FE0DF2404B6870083002A /* AppView.swift */ = {isa = PBXFileReference; lastKnownFileType = sourcecode.swift; path = AppView.swift; sourceTree = "<group>"; };
		D73D3248242C9640004BE404 /* FoodSearch.swift */ = {isa = PBXFileReference; lastKnownFileType = sourcecode.swift; path = FoodSearch.swift; sourceTree = "<group>"; };
		D7412010240642800087E1F3 /* FavoriteList.swift */ = {isa = PBXFileReference; lastKnownFileType = sourcecode.swift; path = FavoriteList.swift; sourceTree = "<group>"; };
		D741201D240766290087E1F3 /* FoodDetail.swift */ = {isa = PBXFileReference; lastKnownFileType = sourcecode.swift; path = FoodDetail.swift; sourceTree = "<group>"; usesTabs = 0; };
		D741201F2407670C0087E1F3 /* FoodRow.swift */ = {isa = PBXFileReference; lastKnownFileType = sourcecode.swift; path = FoodRow.swift; sourceTree = "<group>"; };
		D74DB9F324046C40001B885B /* Assets.xcassets */ = {isa = PBXFileReference; lastKnownFileType = folder.assetcatalog; path = Assets.xcassets; sourceTree = "<group>"; };
		D7680CCE242452CF00C023B7 /* HeartButton.swift */ = {isa = PBXFileReference; lastKnownFileType = sourcecode.swift; path = HeartButton.swift; sourceTree = "<group>"; };
		D7CE1FFB2429F5E700C4142E /* PrintTags.swift */ = {isa = PBXFileReference; lastKnownFileType = sourcecode.swift; path = PrintTags.swift; sourceTree = "<group>"; };
		D7CE2009242A7A2B00C4142E /* Results.swift */ = {isa = PBXFileReference; lastKnownFileType = sourcecode.swift; path = Results.swift; sourceTree = "<group>"; };
		D7D7667D240ED97700E321BA /* QuestionController.swift */ = {isa = PBXFileReference; fileEncoding = 4; lastKnownFileType = sourcecode.swift; path = QuestionController.swift; sourceTree = "<group>"; };
		D7D7667F240EEB8300E321BA /* pizza.jpg */ = {isa = PBXFileReference; lastKnownFileType = image.jpeg; path = pizza.jpg; sourceTree = "<group>"; };
		D7D766812412244A00E321BA /* Questions.swift */ = {isa = PBXFileReference; lastKnownFileType = sourcecode.swift; path = Questions.swift; sourceTree = "<group>"; };
/* End PBXFileReference section */

/* Begin PBXFrameworksBuildPhase section */
		8416DA9123EA046900F638BF /* Frameworks */ = {
			isa = PBXFrameworksBuildPhase;
			buildActionMask = 2147483647;
			files = (
				D6A00F44906D9512FF300DB2 /* libPods-SoundsGood.a in Frameworks */,
			);
			runOnlyForDeploymentPostprocessing = 0;
		};
/* End PBXFrameworksBuildPhase section */

/* Begin PBXGroup section */
		1CD45193C2BAE9F589B7AE9D /* Pods */ = {
			isa = PBXGroup;
			children = (
				02136AE9812668264640BDD3 /* Pods-SoundsGood.debug.xcconfig */,
				350460BB416C04E03FCB3903 /* Pods-SoundsGood.release.xcconfig */,
			);
			path = Pods;
			sourceTree = "<group>";
		};
		8416DA8B23EA046900F638BF = {
			isa = PBXGroup;
			children = (
				D71AAAD624514D6C00D6A25E /* Podfile */,
				8416DA9623EA046900F638BF /* SoundsGood */,
				8416DA9523EA046900F638BF /* Products */,
				846FC5C42416E32F00AAF497 /* Frameworks */,
				1CD45193C2BAE9F589B7AE9D /* Pods */,
			);
			sourceTree = "<group>";
		};
		8416DA9523EA046900F638BF /* Products */ = {
			isa = PBXGroup;
			children = (
				8416DA9423EA046900F638BF /* SoundsGood.app */,
			);
			name = Products;
			sourceTree = "<group>";
		};
		8416DA9623EA046900F638BF /* SoundsGood */ = {
			isa = PBXGroup;
			children = (
				D7D7667C240ED97700E321BA /* System */,
				D7412014240762C40087E1F3 /* Models */,
				8416DA9723EA046900F638BF /* AppDelegate.swift */,
				8416DA9923EA046900F638BF /* SceneDelegate.swift */,
				D72FE0DF2404B6870083002A /* AppView.swift */,
				8416DA9B23EA046900F638BF /* ContentView.swift */,
				D7D766812412244A00E321BA /* Questions.swift */,
				D7CE2009242A7A2B00C4142E /* Results.swift */,
				D73D3248242C9640004BE404 /* FoodSearch.swift */,
				D7CB420E2458B26B00975208 /* Tags */,
				D7CE20042429F8E300C4142E /* Favorite List */,
				D74DB9F324046C40001B885B /* Assets.xcassets */,
				8416DAA223EA046A00F638BF /* LaunchScreen.storyboard */,
				8416DAA523EA046A00F638BF /* Info.plist */,
				D7412017240763340087E1F3 /* Resorces */,
				8416DA9F23EA046A00F638BF /* Preview Content */,
			);
			path = SoundsGood;
			sourceTree = "<group>";
		};
		8416DA9F23EA046A00F638BF /* Preview Content */ = {
			isa = PBXGroup;
			children = (
				8416DAA023EA046A00F638BF /* Preview Assets.xcassets */,
			);
			path = "Preview Content";
			sourceTree = "<group>";
		};
		846FC5C42416E32F00AAF497 /* Frameworks */ = {
			isa = PBXGroup;
			children = (
				0676E2061A5501C0B2486C04 /* libPods-SoundsGood.a */,
			);
			name = Frameworks;
			sourceTree = "<group>";
		};
		D7412014240762C40087E1F3 /* Models */ = {
			isa = PBXGroup;
			children = (
				846FC5AA2415A91900AAF497 /* DBData.swift */,
			);
			path = Models;
			sourceTree = "<group>";
		};
		D7412017240763340087E1F3 /* Resorces */ = {
			isa = PBXGroup;
			children = (
				846FC5DD2419BA8800AAF497 /* food_db.db */,
				D7D7667F240EEB8300E321BA /* pizza.jpg */,
			);
			path = Resorces;
			sourceTree = "<group>";
		};
		D7CB420E2458B26B00975208 /* Tags */ = {
			isa = PBXGroup;
			children = (
				846FC5F32419FDF900AAF497 /* FoodByTags.swift */,
				D71AAAC3244F639B00D6A25E /* TagButton.swift */,
				846FC5EB2419FDF900AAF497 /* TagsChoose.swift */,
			);
			path = Tags;
			sourceTree = "<group>";
		};
		D7CE20042429F8E300C4142E /* Favorite List */ = {
			isa = PBXGroup;
			children = (
				D7412010240642800087E1F3 /* FavoriteList.swift */,
				D741201F2407670C0087E1F3 /* FoodRow.swift */,
				D741201D240766290087E1F3 /* FoodDetail.swift */,
				D72426C72452E1F700B29FDF /* Restaurants.swift */,
				D7CE1FFB2429F5E700C4142E /* PrintTags.swift */,
				D7680CCE242452CF00C023B7 /* HeartButton.swift */,
			);
			path = "Favorite List";
			sourceTree = "<group>";
		};
		D7D7667C240ED97700E321BA /* System */ = {
			isa = PBXGroup;
			children = (
				D7D7667D240ED97700E321BA /* QuestionController.swift */,
			);
			path = System;
			sourceTree = "<group>";
		};
/* End PBXGroup section */

/* Begin PBXNativeTarget section */
		8416DA9323EA046900F638BF /* SoundsGood */ = {
			isa = PBXNativeTarget;
			buildConfigurationList = 8416DAA823EA046A00F638BF /* Build configuration list for PBXNativeTarget "SoundsGood" */;
			buildPhases = (
				501E1C01FE9113664975F865 /* [CP] Check Pods Manifest.lock */,
				8416DA9023EA046900F638BF /* Sources */,
				8416DA9123EA046900F638BF /* Frameworks */,
				8416DA9223EA046900F638BF /* Resources */,
			);
			buildRules = (
			);
			dependencies = (
			);
			name = SoundsGood;
			productName = SoundsGood;
			productReference = 8416DA9423EA046900F638BF /* SoundsGood.app */;
			productType = "com.apple.product-type.application";
		};
/* End PBXNativeTarget section */

/* Begin PBXProject section */
		8416DA8C23EA046900F638BF /* Project object */ = {
			isa = PBXProject;
			attributes = {
				LastSwiftUpdateCheck = 1130;
				LastUpgradeCheck = 1130;
				ORGANIZATIONNAME = "MAAD Hungry";
				TargetAttributes = {
					8416DA9323EA046900F638BF = {
						CreatedOnToolsVersion = 11.3.1;
					};
				};
			};
			buildConfigurationList = 8416DA8F23EA046900F638BF /* Build configuration list for PBXProject "SoundsGood" */;
			compatibilityVersion = "Xcode 9.3";
			developmentRegion = en;
			hasScannedForEncodings = 0;
			knownRegions = (
				en,
				Base,
			);
			mainGroup = 8416DA8B23EA046900F638BF;
			productRefGroup = 8416DA9523EA046900F638BF /* Products */;
			projectDirPath = "";
			projectRoot = "";
			targets = (
				8416DA9323EA046900F638BF /* SoundsGood */,
			);
		};
/* End PBXProject section */

/* Begin PBXResourcesBuildPhase section */
		8416DA9223EA046900F638BF /* Resources */ = {
			isa = PBXResourcesBuildPhase;
			buildActionMask = 2147483647;
			files = (
				8416DAA423EA046A00F638BF /* LaunchScreen.storyboard in Resources */,
				D7D76680240EEB8300E321BA /* pizza.jpg in Resources */,
				D74DB9F424046C40001B885B /* Assets.xcassets in Resources */,
				846FC5DE2419BA8800AAF497 /* food_db.db in Resources */,
				8416DAA123EA046A00F638BF /* Preview Assets.xcassets in Resources */,
				D71AAAD724514D6C00D6A25E /* Podfile in Resources */,
			);
			runOnlyForDeploymentPostprocessing = 0;
		};
/* End PBXResourcesBuildPhase section */

/* Begin PBXShellScriptBuildPhase section */
		501E1C01FE9113664975F865 /* [CP] Check Pods Manifest.lock */ = {
			isa = PBXShellScriptBuildPhase;
			buildActionMask = 2147483647;
			files = (
			);
			inputFileListPaths = (
			);
			inputPaths = (
				"${PODS_PODFILE_DIR_PATH}/Podfile.lock",
				"${PODS_ROOT}/Manifest.lock",
			);
			name = "[CP] Check Pods Manifest.lock";
			outputFileListPaths = (
			);
			outputPaths = (
				"$(DERIVED_FILE_DIR)/Pods-SoundsGood-checkManifestLockResult.txt",
			);
			runOnlyForDeploymentPostprocessing = 0;
			shellPath = /bin/sh;
			shellScript = "diff \"${PODS_PODFILE_DIR_PATH}/Podfile.lock\" \"${PODS_ROOT}/Manifest.lock\" > /dev/null\nif [ $? != 0 ] ; then\n    # print error to STDERR\n    echo \"error: The sandbox is not in sync with the Podfile.lock. Run 'pod install' or update your CocoaPods installation.\" >&2\n    exit 1\nfi\n# This output is used by Xcode 'outputs' to avoid re-running this script phase.\necho \"SUCCESS\" > \"${SCRIPT_OUTPUT_FILE_0}\"\n";
			showEnvVarsInLog = 0;
		};
/* End PBXShellScriptBuildPhase section */

/* Begin PBXSourcesBuildPhase section */
		8416DA9023EA046900F638BF /* Sources */ = {
			isa = PBXSourcesBuildPhase;
			buildActionMask = 2147483647;
			files = (
				D7412011240642800087E1F3 /* FavoriteList.swift in Sources */,
				D73D3249242C9640004BE404 /* FoodSearch.swift in Sources */,
				D71AAAC4244F639B00D6A25E /* TagButton.swift in Sources */,
				D72FE0E02404B6870083002A /* AppView.swift in Sources */,
				846FC5F42419FDF900AAF497 /* TagsChoose.swift in Sources */,
				8416DA9823EA046900F638BF /* AppDelegate.swift in Sources */,
				846FC5F52419FDF900AAF497 /* FoodByTags.swift in Sources */,
				8416DA9A23EA046900F638BF /* SceneDelegate.swift in Sources */,
				D7CE200A242A7A2B00C4142E /* Results.swift in Sources */,
				D7CE1FFC2429F5E700C4142E /* PrintTags.swift in Sources */,
				D7D7667E240ED97800E321BA /* QuestionController.swift in Sources */,
				D7D766822412244A00E321BA /* Questions.swift in Sources */,
				846FC5AB2415A91900AAF497 /* DBData.swift in Sources */,
				D7680CCF242452CF00C023B7 /* HeartButton.swift in Sources */,
				8416DA9C23EA046900F638BF /* ContentView.swift in Sources */,
				D74120202407670C0087E1F3 /* FoodRow.swift in Sources */,
				D741201E240766290087E1F3 /* FoodDetail.swift in Sources */,
				D72426C82452E1F700B29FDF /* Restaurants.swift in Sources */,
			);
			runOnlyForDeploymentPostprocessing = 0;
		};
/* End PBXSourcesBuildPhase section */

/* Begin PBXVariantGroup section */
		8416DAA223EA046A00F638BF /* LaunchScreen.storyboard */ = {
			isa = PBXVariantGroup;
			children = (
				8416DAA323EA046A00F638BF /* Base */,
			);
			name = LaunchScreen.storyboard;
			sourceTree = "<group>";
		};
/* End PBXVariantGroup section */

/* Begin XCBuildConfiguration section */
		8416DAA623EA046A00F638BF /* Debug */ = {
			isa = XCBuildConfiguration;
			buildSettings = {
				ALWAYS_SEARCH_USER_PATHS = NO;
				CLANG_ANALYZER_NONNULL = YES;
				CLANG_ANALYZER_NUMBER_OBJECT_CONVERSION = YES_AGGRESSIVE;
				CLANG_CXX_LANGUAGE_STANDARD = "gnu++14";
				CLANG_CXX_LIBRARY = "libc++";
				CLANG_ENABLE_MODULES = YES;
				CLANG_ENABLE_OBJC_ARC = YES;
				CLANG_ENABLE_OBJC_WEAK = YES;
				CLANG_WARN_BLOCK_CAPTURE_AUTORELEASING = YES;
				CLANG_WARN_BOOL_CONVERSION = YES;
				CLANG_WARN_COMMA = YES;
				CLANG_WARN_CONSTANT_CONVERSION = YES;
				CLANG_WARN_DEPRECATED_OBJC_IMPLEMENTATIONS = YES;
				CLANG_WARN_DIRECT_OBJC_ISA_USAGE = YES_ERROR;
				CLANG_WARN_DOCUMENTATION_COMMENTS = YES;
				CLANG_WARN_EMPTY_BODY = YES;
				CLANG_WARN_ENUM_CONVERSION = YES;
				CLANG_WARN_INFINITE_RECURSION = YES;
				CLANG_WARN_INT_CONVERSION = YES;
				CLANG_WARN_NON_LITERAL_NULL_CONVERSION = YES;
				CLANG_WARN_OBJC_IMPLICIT_RETAIN_SELF = YES;
				CLANG_WARN_OBJC_LITERAL_CONVERSION = YES;
				CLANG_WARN_OBJC_ROOT_CLASS = YES_ERROR;
				CLANG_WARN_RANGE_LOOP_ANALYSIS = YES;
				CLANG_WARN_STRICT_PROTOTYPES = YES;
				CLANG_WARN_SUSPICIOUS_MOVE = YES;
				CLANG_WARN_UNGUARDED_AVAILABILITY = YES_AGGRESSIVE;
				CLANG_WARN_UNREACHABLE_CODE = YES;
				CLANG_WARN__DUPLICATE_METHOD_MATCH = YES;
				COPY_PHASE_STRIP = NO;
				DEBUG_INFORMATION_FORMAT = dwarf;
				ENABLE_STRICT_OBJC_MSGSEND = YES;
				ENABLE_TESTABILITY = YES;
				GCC_C_LANGUAGE_STANDARD = gnu11;
				GCC_DYNAMIC_NO_PIC = NO;
				GCC_NO_COMMON_BLOCKS = YES;
				GCC_OPTIMIZATION_LEVEL = 0;
				GCC_PREPROCESSOR_DEFINITIONS = (
					"DEBUG=1",
					"$(inherited)",
				);
				GCC_WARN_64_TO_32_BIT_CONVERSION = YES;
				GCC_WARN_ABOUT_RETURN_TYPE = YES_ERROR;
				GCC_WARN_UNDECLARED_SELECTOR = YES;
				GCC_WARN_UNINITIALIZED_AUTOS = YES_AGGRESSIVE;
				GCC_WARN_UNUSED_FUNCTION = YES;
				GCC_WARN_UNUSED_VARIABLE = YES;
				IPHONEOS_DEPLOYMENT_TARGET = 13.2;
				MTL_ENABLE_DEBUG_INFO = INCLUDE_SOURCE;
				MTL_FAST_MATH = YES;
				ONLY_ACTIVE_ARCH = YES;
				SDKROOT = iphoneos;
				SWIFT_ACTIVE_COMPILATION_CONDITIONS = DEBUG;
				SWIFT_OPTIMIZATION_LEVEL = "-Onone";
			};
			name = Debug;
		};
		8416DAA723EA046A00F638BF /* Release */ = {
			isa = XCBuildConfiguration;
			buildSettings = {
				ALWAYS_SEARCH_USER_PATHS = NO;
				CLANG_ANALYZER_NONNULL = YES;
				CLANG_ANALYZER_NUMBER_OBJECT_CONVERSION = YES_AGGRESSIVE;
				CLANG_CXX_LANGUAGE_STANDARD = "gnu++14";
				CLANG_CXX_LIBRARY = "libc++";
				CLANG_ENABLE_MODULES = YES;
				CLANG_ENABLE_OBJC_ARC = YES;
				CLANG_ENABLE_OBJC_WEAK = YES;
				CLANG_WARN_BLOCK_CAPTURE_AUTORELEASING = YES;
				CLANG_WARN_BOOL_CONVERSION = YES;
				CLANG_WARN_COMMA = YES;
				CLANG_WARN_CONSTANT_CONVERSION = YES;
				CLANG_WARN_DEPRECATED_OBJC_IMPLEMENTATIONS = YES;
				CLANG_WARN_DIRECT_OBJC_ISA_USAGE = YES_ERROR;
				CLANG_WARN_DOCUMENTATION_COMMENTS = YES;
				CLANG_WARN_EMPTY_BODY = YES;
				CLANG_WARN_ENUM_CONVERSION = YES;
				CLANG_WARN_INFINITE_RECURSION = YES;
				CLANG_WARN_INT_CONVERSION = YES;
				CLANG_WARN_NON_LITERAL_NULL_CONVERSION = YES;
				CLANG_WARN_OBJC_IMPLICIT_RETAIN_SELF = YES;
				CLANG_WARN_OBJC_LITERAL_CONVERSION = YES;
				CLANG_WARN_OBJC_ROOT_CLASS = YES_ERROR;
				CLANG_WARN_RANGE_LOOP_ANALYSIS = YES;
				CLANG_WARN_STRICT_PROTOTYPES = YES;
				CLANG_WARN_SUSPICIOUS_MOVE = YES;
				CLANG_WARN_UNGUARDED_AVAILABILITY = YES_AGGRESSIVE;
				CLANG_WARN_UNREACHABLE_CODE = YES;
				CLANG_WARN__DUPLICATE_METHOD_MATCH = YES;
				COPY_PHASE_STRIP = NO;
				DEBUG_INFORMATION_FORMAT = "dwarf-with-dsym";
				ENABLE_NS_ASSERTIONS = NO;
				ENABLE_STRICT_OBJC_MSGSEND = YES;
				GCC_C_LANGUAGE_STANDARD = gnu11;
				GCC_NO_COMMON_BLOCKS = YES;
				GCC_WARN_64_TO_32_BIT_CONVERSION = YES;
				GCC_WARN_ABOUT_RETURN_TYPE = YES_ERROR;
				GCC_WARN_UNDECLARED_SELECTOR = YES;
				GCC_WARN_UNINITIALIZED_AUTOS = YES_AGGRESSIVE;
				GCC_WARN_UNUSED_FUNCTION = YES;
				GCC_WARN_UNUSED_VARIABLE = YES;
				IPHONEOS_DEPLOYMENT_TARGET = 13.2;
				MTL_ENABLE_DEBUG_INFO = NO;
				MTL_FAST_MATH = YES;
				SDKROOT = iphoneos;
				SWIFT_COMPILATION_MODE = wholemodule;
				SWIFT_OPTIMIZATION_LEVEL = "-O";
				VALIDATE_PRODUCT = YES;
			};
			name = Release;
		};
		8416DAA923EA046A00F638BF /* Debug */ = {
			isa = XCBuildConfiguration;
			baseConfigurationReference = 02136AE9812668264640BDD3 /* Pods-SoundsGood.debug.xcconfig */;
			buildSettings = {
				ASSETCATALOG_COMPILER_APPICON_NAME = AppIcon;
				CODE_SIGN_STYLE = Automatic;
				DEVELOPMENT_ASSET_PATHS = "\"SoundsGood/Preview Content\"";
				DEVELOPMENT_TEAM = 94DFRS359K;
				ENABLE_PREVIEWS = YES;
				INFOPLIST_FILE = SoundsGood/Info.plist;
				IPHONEOS_DEPLOYMENT_TARGET = 13.0;
				LD_RUNPATH_SEARCH_PATHS = (
					"$(inherited)",
					"@executable_path/Frameworks",
				);
				PRODUCT_BUNDLE_IDENTIFIER = com.MAADHungry.SoundsGood;
				PRODUCT_NAME = "$(TARGET_NAME)";
				SWIFT_VERSION = 5.0;
				TARGETED_DEVICE_FAMILY = 1;
			};
			name = Debug;
		};
		8416DAAA23EA046A00F638BF /* Release */ = {
			isa = XCBuildConfiguration;
			baseConfigurationReference = 350460BB416C04E03FCB3903 /* Pods-SoundsGood.release.xcconfig */;
			buildSettings = {
				ASSETCATALOG_COMPILER_APPICON_NAME = AppIcon;
				CODE_SIGN_STYLE = Automatic;
				DEVELOPMENT_ASSET_PATHS = "\"SoundsGood/Preview Content\"";
				DEVELOPMENT_TEAM = 94DFRS359K;
				ENABLE_PREVIEWS = YES;
				INFOPLIST_FILE = SoundsGood/Info.plist;
				IPHONEOS_DEPLOYMENT_TARGET = 13.0;
				LD_RUNPATH_SEARCH_PATHS = (
					"$(inherited)",
					"@executable_path/Frameworks",
				);
				PRODUCT_BUNDLE_IDENTIFIER = com.MAADHungry.SoundsGood;
				PRODUCT_NAME = "$(TARGET_NAME)";
				SWIFT_VERSION = 5.0;
				TARGETED_DEVICE_FAMILY = 1;
			};
			name = Release;
		};
/* End XCBuildConfiguration section */

/* Begin XCConfigurationList section */
		8416DA8F23EA046900F638BF /* Build configuration list for PBXProject "SoundsGood" */ = {
			isa = XCConfigurationList;
			buildConfigurations = (
				8416DAA623EA046A00F638BF /* Debug */,
				8416DAA723EA046A00F638BF /* Release */,
			);
			defaultConfigurationIsVisible = 0;
			defaultConfigurationName = Release;
		};
		8416DAA823EA046A00F638BF /* Build configuration list for PBXNativeTarget "SoundsGood" */ = {
			isa = XCConfigurationList;
			buildConfigurations = (
				8416DAA923EA046A00F638BF /* Debug */,
				8416DAAA23EA046A00F638BF /* Release */,
			);
			defaultConfigurationIsVisible = 0;
			defaultConfigurationName = Release;
		};
/* End XCConfigurationList section */
	};
	rootObject = 8416DA8C23EA046900F638BF /* Project object */;
}
